// !$*UTF8*$!
{
	archiveVersion = 1;
	classes = {
	};
	objectVersion = 51;
	objects = {

/* Begin PBXBuildFile section */
		1839B73121DF4C7C0089BBA9 /* AppDelegate.m in Sources */ = {isa = PBXBuildFile; fileRef = 1839B73021DF4C7C0089BBA9 /* AppDelegate.m */; };
		1839B73421DF4C7C0089BBA9 /* ViewController.m in Sources */ = {isa = PBXBuildFile; fileRef = 1839B73321DF4C7C0089BBA9 /* ViewController.m */; };
		1839B73721DF4C7C0089BBA9 /* Main.storyboard in Resources */ = {isa = PBXBuildFile; fileRef = 1839B73521DF4C7C0089BBA9 /* Main.storyboard */; };
		1839B73921DF4C7D0089BBA9 /* Assets.xcassets in Resources */ = {isa = PBXBuildFile; fileRef = 1839B73821DF4C7D0089BBA9 /* Assets.xcassets */; };
		1839B73C21DF4C7D0089BBA9 /* LaunchScreen.storyboard in Resources */ = {isa = PBXBuildFile; fileRef = 1839B73A21DF4C7D0089BBA9 /* LaunchScreen.storyboard */; };
		1839B73F21DF4C7D0089BBA9 /* main.m in Sources */ = {isa = PBXBuildFile; fileRef = 1839B73E21DF4C7D0089BBA9 /* main.m */; };
		188B92F821E478DA0004DA93 /* MBProgressHUD.m in Sources */ = {isa = PBXBuildFile; fileRef = 188B92F221E478DA0004DA93 /* MBProgressHUD.m */; };
		188B92F921E478DA0004DA93 /* SSToastHelper.m in Sources */ = {isa = PBXBuildFile; fileRef = 188B92F321E478DA0004DA93 /* SSToastHelper.m */; };
		188B92FA21E478DA0004DA93 /* SSHUDHelper.m in Sources */ = {isa = PBXBuildFile; fileRef = 188B92F421E478DA0004DA93 /* SSHUDHelper.m */; };
		188B930321E47E600004DA93 /* MHLBasicNavigationController.m in Sources */ = {isa = PBXBuildFile; fileRef = 188B930121E47E600004DA93 /* MHLBasicNavigationController.m */; };
		188B930621E47E980004DA93 /* UIColor+Extension.m in Sources */ = {isa = PBXBuildFile; fileRef = 188B930521E47E980004DA93 /* UIColor+Extension.m */; };
		188B930921E47F4B0004DA93 /* UIImage+HTRoundImage.m in Sources */ = {isa = PBXBuildFile; fileRef = 188B930821E47F4B0004DA93 /* UIImage+HTRoundImage.m */; };
		188D100021E4C3330070C3D6 /* Localizable.strings in Resources */ = {isa = PBXBuildFile; fileRef = 188D0FFF21E4C3330070C3D6 /* Localizable.strings */; };
		189059AA21E72F5900080F00 /* MHLLockHelper.m in Sources */ = {isa = PBXBuildFile; fileRef = 189059A921E72F5900080F00 /* MHLLockHelper.m */; };
		1895D6E421E8A414009150AF /* MHLOnFoundDeviceModel.m in Sources */ = {isa = PBXBuildFile; fileRef = 1895D6E321E8A414009150AF /* MHLOnFoundDeviceModel.m */; };
		18C90DB222B8949D00594510 /* NSString+PPLTime.m in Sources */ = {isa = PBXBuildFile; fileRef = 18C90DB122B8949D00594510 /* NSString+PPLTime.m */; };
		18CC3BC521E6F01700855D1B /* UIViewController+HUD.m in Sources */ = {isa = PBXBuildFile; fileRef = 18CC3BC421E6F01700855D1B /* UIViewController+HUD.m */; };
		18CC3BCA21E6F43800855D1B /* MHLDeviceTableViewController.m in Sources */ = {isa = PBXBuildFile; fileRef = 18CC3BC821E6F43800855D1B /* MHLDeviceTableViewController.m */; };
		18CC3BCB21E6F43800855D1B /* MHLDeviceTableViewController.xib in Resources */ = {isa = PBXBuildFile; fileRef = 18CC3BC921E6F43800855D1B /* MHLDeviceTableViewController.xib */; };
		18CC3BD121E6F49400855D1B /* MHLDeviceCell.m in Sources */ = {isa = PBXBuildFile; fileRef = 18CC3BCF21E6F49400855D1B /* MHLDeviceCell.m */; };
		18CC3BD221E6F49400855D1B /* MHLDeviceCell.xib in Resources */ = {isa = PBXBuildFile; fileRef = 18CC3BD021E6F49400855D1B /* MHLDeviceCell.xib */; };
		18CED3CC252EB0030087DA9F /* libPPLLock.a in Frameworks */ = {isa = PBXBuildFile; fileRef = 18CED3CB252EB0030087DA9F /* libPPLLock.a */; };
		18DCC31C22B7C186009999EF /* MHLKeyboardPasswordController.m in Sources */ = {isa = PBXBuildFile; fileRef = 18DCC31A22B7C186009999EF /* MHLKeyboardPasswordController.m */; };
		18DCC31D22B7C186009999EF /* MHLKeyboardPasswordController.xib in Resources */ = {isa = PBXBuildFile; fileRef = 18DCC31B22B7C186009999EF /* MHLKeyboardPasswordController.xib */; };
		18E1A6E721E97E0F002E0533 /* MHLDemoViewController.m in Sources */ = {isa = PBXBuildFile; fileRef = 18E1A6E521E97E0F002E0533 /* MHLDemoViewController.m */; };
		18E1A6E821E97E0F002E0533 /* MHLDemoViewController.xib in Resources */ = {isa = PBXBuildFile; fileRef = 18E1A6E621E97E0F002E0533 /* MHLDemoViewController.xib */; };
		18EBD12D21E34D9000EDB3FC /* MHLNetworkHelper.m in Sources */ = {isa = PBXBuildFile; fileRef = 18EBD12C21E34D9000EDB3FC /* MHLNetworkHelper.m */; };
		18EBD13321E353A900EDB3FC /* MHLKeyModel.m in Sources */ = {isa = PBXBuildFile; fileRef = 18EBD13221E353A900EDB3FC /* MHLKeyModel.m */; };
		5BB6C2C1003351EE1928A9E4 /* libPods-ManhattanLockDemo.a in Frameworks */ = {isa = PBXBuildFile; fileRef = A949568AB5D153073A80841D /* libPods-ManhattanLockDemo.a */; };
/* End PBXBuildFile section */

/* Begin PBXFileReference section */
		1839B72C21DF4C7C0089BBA9 /* ManhattanLockDemo.app */ = {isa = PBXFileReference; explicitFileType = wrapper.application; includeInIndex = 0; path = ManhattanLockDemo.app; sourceTree = BUILT_PRODUCTS_DIR; };
		1839B72F21DF4C7C0089BBA9 /* AppDelegate.h */ = {isa = PBXFileReference; lastKnownFileType = sourcecode.c.h; path = AppDelegate.h; sourceTree = "<group>"; };
		1839B73021DF4C7C0089BBA9 /* AppDelegate.m */ = {isa = PBXFileReference; lastKnownFileType = sourcecode.c.objc; path = AppDelegate.m; sourceTree = "<group>"; };
		1839B73221DF4C7C0089BBA9 /* ViewController.h */ = {isa = PBXFileReference; lastKnownFileType = sourcecode.c.h; path = ViewController.h; sourceTree = "<group>"; };
		1839B73321DF4C7C0089BBA9 /* ViewController.m */ = {isa = PBXFileReference; lastKnownFileType = sourcecode.c.objc; path = ViewController.m; sourceTree = "<group>"; };
		1839B73621DF4C7C0089BBA9 /* Base */ = {isa = PBXFileReference; lastKnownFileType = file.storyboard; name = Base; path = Base.lproj/Main.storyboard; sourceTree = "<group>"; };
		1839B73821DF4C7D0089BBA9 /* Assets.xcassets */ = {isa = PBXFileReference; lastKnownFileType = folder.assetcatalog; path = Assets.xcassets; sourceTree = "<group>"; };
		1839B73B21DF4C7D0089BBA9 /* Base */ = {isa = PBXFileReference; lastKnownFileType = file.storyboard; name = Base; path = Base.lproj/LaunchScreen.storyboard; sourceTree = "<group>"; };
		1839B73D21DF4C7D0089BBA9 /* Info.plist */ = {isa = PBXFileReference; lastKnownFileType = text.plist.xml; path = Info.plist; sourceTree = "<group>"; };
		1839B73E21DF4C7D0089BBA9 /* main.m */ = {isa = PBXFileReference; lastKnownFileType = sourcecode.c.objc; path = main.m; sourceTree = "<group>"; };
		188B92EE21E477640004DA93 /* MHLLock.pch */ = {isa = PBXFileReference; lastKnownFileType = sourcecode.c.h; path = MHLLock.pch; sourceTree = "<group>"; };
		188B92EF21E4777A0004DA93 /* MHLDefine.h */ = {isa = PBXFileReference; lastKnownFileType = sourcecode.c.h; path = MHLDefine.h; sourceTree = "<group>"; };
		188B92F221E478DA0004DA93 /* MBProgressHUD.m */ = {isa = PBXFileReference; fileEncoding = 4; lastKnownFileType = sourcecode.c.objc; path = MBProgressHUD.m; sourceTree = "<group>"; };
		188B92F321E478DA0004DA93 /* SSToastHelper.m */ = {isa = PBXFileReference; fileEncoding = 4; lastKnownFileType = sourcecode.c.objc; path = SSToastHelper.m; sourceTree = "<group>"; };
		188B92F421E478DA0004DA93 /* SSHUDHelper.m */ = {isa = PBXFileReference; fileEncoding = 4; lastKnownFileType = sourcecode.c.objc; path = SSHUDHelper.m; sourceTree = "<group>"; };
		188B92F521E478DA0004DA93 /* MBProgressHUD.h */ = {isa = PBXFileReference; fileEncoding = 4; lastKnownFileType = sourcecode.c.h; path = MBProgressHUD.h; sourceTree = "<group>"; };
		188B92F621E478DA0004DA93 /* SSToastHelper.h */ = {isa = PBXFileReference; fileEncoding = 4; lastKnownFileType = sourcecode.c.h; path = SSToastHelper.h; sourceTree = "<group>"; };
		188B92F721E478DA0004DA93 /* SSHUDHelper.h */ = {isa = PBXFileReference; fileEncoding = 4; lastKnownFileType = sourcecode.c.h; path = SSHUDHelper.h; sourceTree = "<group>"; };
		188B930121E47E600004DA93 /* MHLBasicNavigationController.m */ = {isa = PBXFileReference; fileEncoding = 4; lastKnownFileType = sourcecode.c.objc; path = MHLBasicNavigationController.m; sourceTree = "<group>"; };
		188B930221E47E600004DA93 /* MHLBasicNavigationController.h */ = {isa = PBXFileReference; fileEncoding = 4; lastKnownFileType = sourcecode.c.h; path = MHLBasicNavigationController.h; sourceTree = "<group>"; };
		188B930421E47E980004DA93 /* UIColor+Extension.h */ = {isa = PBXFileReference; fileEncoding = 4; lastKnownFileType = sourcecode.c.h; path = "UIColor+Extension.h"; sourceTree = "<group>"; };
		188B930521E47E980004DA93 /* UIColor+Extension.m */ = {isa = PBXFileReference; fileEncoding = 4; lastKnownFileType = sourcecode.c.objc; path = "UIColor+Extension.m"; sourceTree = "<group>"; };
		188B930721E47F4B0004DA93 /* UIImage+HTRoundImage.h */ = {isa = PBXFileReference; fileEncoding = 4; lastKnownFileType = sourcecode.c.h; path = "UIImage+HTRoundImage.h"; sourceTree = "<group>"; };
		188B930821E47F4B0004DA93 /* UIImage+HTRoundImage.m */ = {isa = PBXFileReference; fileEncoding = 4; lastKnownFileType = sourcecode.c.objc; path = "UIImage+HTRoundImage.m"; sourceTree = "<group>"; };
		188D0FFF21E4C3330070C3D6 /* Localizable.strings */ = {isa = PBXFileReference; lastKnownFileType = text.plist.strings; path = Localizable.strings; sourceTree = "<group>"; };
		189059A821E72F5900080F00 /* MHLLockHelper.h */ = {isa = PBXFileReference; lastKnownFileType = sourcecode.c.h; path = MHLLockHelper.h; sourceTree = "<group>"; };
		189059A921E72F5900080F00 /* MHLLockHelper.m */ = {isa = PBXFileReference; lastKnownFileType = sourcecode.c.objc; path = MHLLockHelper.m; sourceTree = "<group>"; };
		1895D6E221E8A414009150AF /* MHLOnFoundDeviceModel.h */ = {isa = PBXFileReference; lastKnownFileType = sourcecode.c.h; path = MHLOnFoundDeviceModel.h; sourceTree = "<group>"; };
		1895D6E321E8A414009150AF /* MHLOnFoundDeviceModel.m */ = {isa = PBXFileReference; lastKnownFileType = sourcecode.c.objc; path = MHLOnFoundDeviceModel.m; sourceTree = "<group>"; };
		18C90DB022B8949D00594510 /* NSString+PPLTime.h */ = {isa = PBXFileReference; lastKnownFileType = sourcecode.c.h; path = "NSString+PPLTime.h"; sourceTree = "<group>"; };
		18C90DB122B8949D00594510 /* NSString+PPLTime.m */ = {isa = PBXFileReference; lastKnownFileType = sourcecode.c.objc; path = "NSString+PPLTime.m"; sourceTree = "<group>"; };
		18CC3BC321E6F01700855D1B /* UIViewController+HUD.h */ = {isa = PBXFileReference; fileEncoding = 4; lastKnownFileType = sourcecode.c.h; path = "UIViewController+HUD.h"; sourceTree = "<group>"; };
		18CC3BC421E6F01700855D1B /* UIViewController+HUD.m */ = {isa = PBXFileReference; fileEncoding = 4; lastKnownFileType = sourcecode.c.objc; path = "UIViewController+HUD.m"; sourceTree = "<group>"; };
		18CC3BC721E6F43800855D1B /* MHLDeviceTableViewController.h */ = {isa = PBXFileReference; lastKnownFileType = sourcecode.c.h; path = MHLDeviceTableViewController.h; sourceTree = "<group>"; };
		18CC3BC821E6F43800855D1B /* MHLDeviceTableViewController.m */ = {isa = PBXFileReference; lastKnownFileType = sourcecode.c.objc; path = MHLDeviceTableViewController.m; sourceTree = "<group>"; };
		18CC3BC921E6F43800855D1B /* MHLDeviceTableViewController.xib */ = {isa = PBXFileReference; lastKnownFileType = file.xib; path = MHLDeviceTableViewController.xib; sourceTree = "<group>"; };
		18CC3BCE21E6F49400855D1B /* MHLDeviceCell.h */ = {isa = PBXFileReference; lastKnownFileType = sourcecode.c.h; path = MHLDeviceCell.h; sourceTree = "<group>"; };
		18CC3BCF21E6F49400855D1B /* MHLDeviceCell.m */ = {isa = PBXFileReference; lastKnownFileType = sourcecode.c.objc; path = MHLDeviceCell.m; sourceTree = "<group>"; };
		18CC3BD021E6F49400855D1B /* MHLDeviceCell.xib */ = {isa = PBXFileReference; lastKnownFileType = file.xib; path = MHLDeviceCell.xib; sourceTree = "<group>"; };
		18CED3CA252EB0030087DA9F /* PPLLock.h */ = {isa = PBXFileReference; fileEncoding = 4; lastKnownFileType = sourcecode.c.h; name = PPLLock.h; path = ../../../../Test/PPLLock.h; sourceTree = "<group>"; };
		18CED3CB252EB0030087DA9F /* libPPLLock.a */ = {isa = PBXFileReference; lastKnownFileType = archive.ar; name = libPPLLock.a; path = ../../../../Test/libPPLLock.a; sourceTree = "<group>"; };
		18DCC31922B7C186009999EF /* MHLKeyboardPasswordController.h */ = {isa = PBXFileReference; lastKnownFileType = sourcecode.c.h; path = MHLKeyboardPasswordController.h; sourceTree = "<group>"; };
		18DCC31A22B7C186009999EF /* MHLKeyboardPasswordController.m */ = {isa = PBXFileReference; lastKnownFileType = sourcecode.c.objc; path = MHLKeyboardPasswordController.m; sourceTree = "<group>"; };
		18DCC31B22B7C186009999EF /* MHLKeyboardPasswordController.xib */ = {isa = PBXFileReference; lastKnownFileType = file.xib; path = MHLKeyboardPasswordController.xib; sourceTree = "<group>"; };
		18E1A6E421E97E0F002E0533 /* MHLDemoViewController.h */ = {isa = PBXFileReference; lastKnownFileType = sourcecode.c.h; path = MHLDemoViewController.h; sourceTree = "<group>"; };
		18E1A6E521E97E0F002E0533 /* MHLDemoViewController.m */ = {isa = PBXFileReference; lastKnownFileType = sourcecode.c.objc; path = MHLDemoViewController.m; sourceTree = "<group>"; };
		18E1A6E621E97E0F002E0533 /* MHLDemoViewController.xib */ = {isa = PBXFileReference; lastKnownFileType = file.xib; path = MHLDemoViewController.xib; sourceTree = "<group>"; };
		18EBD12B21E34D9000EDB3FC /* MHLNetworkHelper.h */ = {isa = PBXFileReference; lastKnownFileType = sourcecode.c.h; path = MHLNetworkHelper.h; sourceTree = "<group>"; };
		18EBD12C21E34D9000EDB3FC /* MHLNetworkHelper.m */ = {isa = PBXFileReference; lastKnownFileType = sourcecode.c.objc; path = MHLNetworkHelper.m; sourceTree = "<group>"; };
		18EBD13121E353A900EDB3FC /* MHLKeyModel.h */ = {isa = PBXFileReference; lastKnownFileType = sourcecode.c.h; path = MHLKeyModel.h; sourceTree = "<group>"; };
		18EBD13221E353A900EDB3FC /* MHLKeyModel.m */ = {isa = PBXFileReference; lastKnownFileType = sourcecode.c.objc; path = MHLKeyModel.m; sourceTree = "<group>"; };
		552F10EF4DC6078C8900DDE0 /* Pods-ManhattanLockDemo.debug.xcconfig */ = {isa = PBXFileReference; includeInIndex = 1; lastKnownFileType = text.xcconfig; name = "Pods-ManhattanLockDemo.debug.xcconfig"; path = "Pods/Target Support Files/Pods-ManhattanLockDemo/Pods-ManhattanLockDemo.debug.xcconfig"; sourceTree = "<group>"; };
		8BCD67729D6151BF93BFF984 /* Pods-ManhattanLockDemo.release.xcconfig */ = {isa = PBXFileReference; includeInIndex = 1; lastKnownFileType = text.xcconfig; name = "Pods-ManhattanLockDemo.release.xcconfig"; path = "Pods/Target Support Files/Pods-ManhattanLockDemo/Pods-ManhattanLockDemo.release.xcconfig"; sourceTree = "<group>"; };
		A949568AB5D153073A80841D /* libPods-ManhattanLockDemo.a */ = {isa = PBXFileReference; explicitFileType = archive.ar; includeInIndex = 0; path = "libPods-ManhattanLockDemo.a"; sourceTree = BUILT_PRODUCTS_DIR; };
/* End PBXFileReference section */

/* Begin PBXFrameworksBuildPhase section */
		1839B72921DF4C7C0089BBA9 /* Frameworks */ = {
			isa = PBXFrameworksBuildPhase;
			buildActionMask = 2147483647;
			files = (
				5BB6C2C1003351EE1928A9E4 /* libPods-ManhattanLockDemo.a in Frameworks */,
				18CED3CC252EB0030087DA9F /* libPPLLock.a in Frameworks */,
			);
			runOnlyForDeploymentPostprocessing = 0;
		};
/* End PBXFrameworksBuildPhase section */

/* Begin PBXGroup section */
		1839B72321DF4C7C0089BBA9 = {
			isa = PBXGroup;
			children = (
				1839B72E21DF4C7C0089BBA9 /* ManhattanLockDemo */,
				1839B72D21DF4C7C0089BBA9 /* Products */,
				791DE59F8A9B0F5771525569 /* Pods */,
				D279BAFF56117AED24D4FD5F /* Frameworks */,
			);
			sourceTree = "<group>";
		};
		1839B72D21DF4C7C0089BBA9 /* Products */ = {
			isa = PBXGroup;
			children = (
				1839B72C21DF4C7C0089BBA9 /* ManhattanLockDemo.app */,
			);
			name = Products;
			sourceTree = "<group>";
		};
		1839B72E21DF4C7C0089BBA9 /* ManhattanLockDemo */ = {
			isa = PBXGroup;
			children = (
				18CC3BC621E6F3B900855D1B /* Category */,
				188B92FB21E47DBC0004DA93 /* UI */,
				188B92F021E478CF0004DA93 /* Vender */,
				18EBD12A21E34D5B00EDB3FC /* Utils */,
				18EBD12021E2F9C100EDB3FC /* Model */,
				1839B74521DF4CE20089BBA9 /* Lib */,
				1839B72F21DF4C7C0089BBA9 /* AppDelegate.h */,
				1839B73021DF4C7C0089BBA9 /* AppDelegate.m */,
				1839B73221DF4C7C0089BBA9 /* ViewController.h */,
				1839B73321DF4C7C0089BBA9 /* ViewController.m */,
				1839B73521DF4C7C0089BBA9 /* Main.storyboard */,
				1839B73821DF4C7D0089BBA9 /* Assets.xcassets */,
				1839B73A21DF4C7D0089BBA9 /* LaunchScreen.storyboard */,
				1839B73D21DF4C7D0089BBA9 /* Info.plist */,
				188D0FFF21E4C3330070C3D6 /* Localizable.strings */,
				1839B73E21DF4C7D0089BBA9 /* main.m */,
			);
			path = ManhattanLockDemo;
			sourceTree = "<group>";
		};
		1839B74521DF4CE20089BBA9 /* Lib */ = {
			isa = PBXGroup;
			children = (
				18CED3CB252EB0030087DA9F /* libPPLLock.a */,
				18CED3CA252EB0030087DA9F /* PPLLock.h */,
			);
			path = Lib;
			sourceTree = "<group>";
		};
		188B92F021E478CF0004DA93 /* Vender */ = {
			isa = PBXGroup;
			children = (
				188B92F121E478DA0004DA93 /* MBProgressHUD */,
			);
			path = Vender;
			sourceTree = "<group>";
		};
		188B92F121E478DA0004DA93 /* MBProgressHUD */ = {
			isa = PBXGroup;
			children = (
				188B92F221E478DA0004DA93 /* MBProgressHUD.m */,
				188B92F321E478DA0004DA93 /* SSToastHelper.m */,
				188B92F421E478DA0004DA93 /* SSHUDHelper.m */,
				188B92F521E478DA0004DA93 /* MBProgressHUD.h */,
				188B92F621E478DA0004DA93 /* SSToastHelper.h */,
				188B92F721E478DA0004DA93 /* SSHUDHelper.h */,
			);
			path = MBProgressHUD;
			sourceTree = "<group>";
		};
		188B92FB21E47DBC0004DA93 /* UI */ = {
			isa = PBXGroup;
			children = (
				1895D6E121E8A3E7009150AF /* Model */,
				18CC3BCD21E6F46700855D1B /* Controller */,
				18CC3BCC21E6F46700855D1B /* View */,
			);
			path = UI;
			sourceTree = "<group>";
		};
		1895D6E121E8A3E7009150AF /* Model */ = {
			isa = PBXGroup;
			children = (
				1895D6E221E8A414009150AF /* MHLOnFoundDeviceModel.h */,
				1895D6E321E8A414009150AF /* MHLOnFoundDeviceModel.m */,
			);
			path = Model;
			sourceTree = "<group>";
		};
		18CC3BC621E6F3B900855D1B /* Category */ = {
			isa = PBXGroup;
			children = (
				18CC3BC321E6F01700855D1B /* UIViewController+HUD.h */,
				18CC3BC421E6F01700855D1B /* UIViewController+HUD.m */,
				188B930721E47F4B0004DA93 /* UIImage+HTRoundImage.h */,
				188B930821E47F4B0004DA93 /* UIImage+HTRoundImage.m */,
				188B930421E47E980004DA93 /* UIColor+Extension.h */,
				188B930521E47E980004DA93 /* UIColor+Extension.m */,
				18C90DB022B8949D00594510 /* NSString+PPLTime.h */,
				18C90DB122B8949D00594510 /* NSString+PPLTime.m */,
			);
			path = Category;
			sourceTree = "<group>";
		};
		18CC3BCC21E6F46700855D1B /* View */ = {
			isa = PBXGroup;
			children = (
				18CC3BCE21E6F49400855D1B /* MHLDeviceCell.h */,
				18CC3BCF21E6F49400855D1B /* MHLDeviceCell.m */,
				18CC3BD021E6F49400855D1B /* MHLDeviceCell.xib */,
			);
			path = View;
			sourceTree = "<group>";
		};
		18CC3BCD21E6F46700855D1B /* Controller */ = {
			isa = PBXGroup;
			children = (
				188B930221E47E600004DA93 /* MHLBasicNavigationController.h */,
				188B930121E47E600004DA93 /* MHLBasicNavigationController.m */,
				18CC3BC721E6F43800855D1B /* MHLDeviceTableViewController.h */,
				18CC3BC821E6F43800855D1B /* MHLDeviceTableViewController.m */,
				18CC3BC921E6F43800855D1B /* MHLDeviceTableViewController.xib */,
				18E1A6E421E97E0F002E0533 /* MHLDemoViewController.h */,
				18E1A6E521E97E0F002E0533 /* MHLDemoViewController.m */,
				18E1A6E621E97E0F002E0533 /* MHLDemoViewController.xib */,
				18DCC31922B7C186009999EF /* MHLKeyboardPasswordController.h */,
				18DCC31A22B7C186009999EF /* MHLKeyboardPasswordController.m */,
				18DCC31B22B7C186009999EF /* MHLKeyboardPasswordController.xib */,
			);
			path = Controller;
			sourceTree = "<group>";
		};
		18EBD12021E2F9C100EDB3FC /* Model */ = {
			isa = PBXGroup;
			children = (
				18EBD13121E353A900EDB3FC /* MHLKeyModel.h */,
				18EBD13221E353A900EDB3FC /* MHLKeyModel.m */,
			);
			path = Model;
			sourceTree = "<group>";
		};
		18EBD12A21E34D5B00EDB3FC /* Utils */ = {
			isa = PBXGroup;
			children = (
				18EBD12B21E34D9000EDB3FC /* MHLNetworkHelper.h */,
				18EBD12C21E34D9000EDB3FC /* MHLNetworkHelper.m */,
				189059A821E72F5900080F00 /* MHLLockHelper.h */,
				189059A921E72F5900080F00 /* MHLLockHelper.m */,
				188B92EE21E477640004DA93 /* MHLLock.pch */,
				188B92EF21E4777A0004DA93 /* MHLDefine.h */,
			);
			path = Utils;
			sourceTree = "<group>";
		};
		791DE59F8A9B0F5771525569 /* Pods */ = {
			isa = PBXGroup;
			children = (
				552F10EF4DC6078C8900DDE0 /* Pods-ManhattanLockDemo.debug.xcconfig */,
				8BCD67729D6151BF93BFF984 /* Pods-ManhattanLockDemo.release.xcconfig */,
			);
			name = Pods;
			sourceTree = "<group>";
		};
		D279BAFF56117AED24D4FD5F /* Frameworks */ = {
			isa = PBXGroup;
			children = (
				A949568AB5D153073A80841D /* libPods-ManhattanLockDemo.a */,
			);
			name = Frameworks;
			sourceTree = "<group>";
		};
/* End PBXGroup section */

/* Begin PBXNativeTarget section */
		1839B72B21DF4C7C0089BBA9 /* ManhattanLockDemo */ = {
			isa = PBXNativeTarget;
			buildConfigurationList = 1839B74221DF4C7D0089BBA9 /* Build configuration list for PBXNativeTarget "ManhattanLockDemo" */;
			buildPhases = (
				C75678EFF526AC649080C0A4 /* [CP] Check Pods Manifest.lock */,
				1839B72821DF4C7C0089BBA9 /* Sources */,
				1839B72921DF4C7C0089BBA9 /* Frameworks */,
				1839B72A21DF4C7C0089BBA9 /* Resources */,
				A553EAB60FD57A4CE50309C4 /* [CP] Copy Pods Resources */,
			);
			buildRules = (
			);
			dependencies = (
			);
			name = ManhattanLockDemo;
			productName = ManhattanLockDemo;
			productReference = 1839B72C21DF4C7C0089BBA9 /* ManhattanLockDemo.app */;
			productType = "com.apple.product-type.application";
		};
/* End PBXNativeTarget section */

/* Begin PBXProject section */
		1839B72421DF4C7C0089BBA9 /* Project object */ = {
			isa = PBXProject;
			attributes = {
				CLASSPREFIX = PPL;
				LastUpgradeCheck = 1010;
				ORGANIZATIONNAME = Populstay;
				TargetAttributes = {
					1839B72B21DF4C7C0089BBA9 = {
						CreatedOnToolsVersion = 10.1;
					};
				};
			};
			buildConfigurationList = 1839B72721DF4C7C0089BBA9 /* Build configuration list for PBXProject "ManhattanLockDemo" */;
			compatibilityVersion = "Xcode 9.3";
			developmentRegion = en;
			hasScannedForEncodings = 0;
			knownRegions = (
				en,
				Base,
			);
			mainGroup = 1839B72321DF4C7C0089BBA9;
			productRefGroup = 1839B72D21DF4C7C0089BBA9 /* Products */;
			projectDirPath = "";
			projectRoot = "";
			targets = (
				1839B72B21DF4C7C0089BBA9 /* ManhattanLockDemo */,
			);
		};
/* End PBXProject section */

/* Begin PBXResourcesBuildPhase section */
		1839B72A21DF4C7C0089BBA9 /* Resources */ = {
			isa = PBXResourcesBuildPhase;
			buildActionMask = 2147483647;
			files = (
				18CC3BCB21E6F43800855D1B /* MHLDeviceTableViewController.xib in Resources */,
				188D100021E4C3330070C3D6 /* Localizable.strings in Resources */,
				18DCC31D22B7C186009999EF /* MHLKeyboardPasswordController.xib in Resources */,
				1839B73C21DF4C7D0089BBA9 /* LaunchScreen.storyboard in Resources */,
				1839B73921DF4C7D0089BBA9 /* Assets.xcassets in Resources */,
				1839B73721DF4C7C0089BBA9 /* Main.storyboard in Resources */,
				18CC3BD221E6F49400855D1B /* MHLDeviceCell.xib in Resources */,
				18E1A6E821E97E0F002E0533 /* MHLDemoViewController.xib in Resources */,
			);
			runOnlyForDeploymentPostprocessing = 0;
		};
/* End PBXResourcesBuildPhase section */

/* Begin PBXShellScriptBuildPhase section */
		A553EAB60FD57A4CE50309C4 /* [CP] Copy Pods Resources */ = {
			isa = PBXShellScriptBuildPhase;
			buildActionMask = 2147483647;
			files = (
			);
			inputFileListPaths = (
				"${PODS_ROOT}/Target Support Files/Pods-ManhattanLockDemo/Pods-ManhattanLockDemo-resources-${CONFIGURATION}-input-files.xcfilelist",
			);
			name = "[CP] Copy Pods Resources";
			outputFileListPaths = (
				"${PODS_ROOT}/Target Support Files/Pods-ManhattanLockDemo/Pods-ManhattanLockDemo-resources-${CONFIGURATION}-output-files.xcfilelist",
			);
			runOnlyForDeploymentPostprocessing = 0;
			shellPath = /bin/sh;
			shellScript = "\"${PODS_ROOT}/Target Support Files/Pods-ManhattanLockDemo/Pods-ManhattanLockDemo-resources.sh\"\n";
			showEnvVarsInLog = 0;
		};
		C75678EFF526AC649080C0A4 /* [CP] Check Pods Manifest.lock */ = {
			isa = PBXShellScriptBuildPhase;
			buildActionMask = 2147483647;
			files = (
			);
			inputPaths = (
				"${PODS_PODFILE_DIR_PATH}/Podfile.lock",
				"${PODS_ROOT}/Manifest.lock",
			);
			name = "[CP] Check Pods Manifest.lock";
			outputPaths = (
				"$(DERIVED_FILE_DIR)/Pods-ManhattanLockDemo-checkManifestLockResult.txt",
			);
			runOnlyForDeploymentPostprocessing = 0;
			shellPath = /bin/sh;
			shellScript = "diff \"${PODS_PODFILE_DIR_PATH}/Podfile.lock\" \"${PODS_ROOT}/Manifest.lock\" > /dev/null\nif [ $? != 0 ] ; then\n    # print error to STDERR\n    echo \"error: The sandbox is not in sync with the Podfile.lock. Run 'pod install' or update your CocoaPods installation.\" >&2\n    exit 1\nfi\n# This output is used by Xcode 'outputs' to avoid re-running this script phase.\necho \"SUCCESS\" > \"${SCRIPT_OUTPUT_FILE_0}\"\n";
			showEnvVarsInLog = 0;
		};
/* End PBXShellScriptBuildPhase section */

/* Begin PBXSourcesBuildPhase section */
		1839B72821DF4C7C0089BBA9 /* Sources */ = {
			isa = PBXSourcesBuildPhase;
			buildActionMask = 2147483647;
			files = (
				18CC3BCA21E6F43800855D1B /* MHLDeviceTableViewController.m in Sources */,
				18CC3BD121E6F49400855D1B /* MHLDeviceCell.m in Sources */,
				18E1A6E721E97E0F002E0533 /* MHLDemoViewController.m in Sources */,
				188B930321E47E600004DA93 /* MHLBasicNavigationController.m in Sources */,
				1839B73421DF4C7C0089BBA9 /* ViewController.m in Sources */,
				188B930621E47E980004DA93 /* UIColor+Extension.m in Sources */,
				18EBD12D21E34D9000EDB3FC /* MHLNetworkHelper.m in Sources */,
				18DCC31C22B7C186009999EF /* MHLKeyboardPasswordController.m in Sources */,
				188B92F921E478DA0004DA93 /* SSToastHelper.m in Sources */,
				18CC3BC521E6F01700855D1B /* UIViewController+HUD.m in Sources */,
				188B92F821E478DA0004DA93 /* MBProgressHUD.m in Sources */,
				189059AA21E72F5900080F00 /* MHLLockHelper.m in Sources */,
				18C90DB222B8949D00594510 /* NSString+PPLTime.m in Sources */,
				1839B73F21DF4C7D0089BBA9 /* main.m in Sources */,
				188B92FA21E478DA0004DA93 /* SSHUDHelper.m in Sources */,
				1895D6E421E8A414009150AF /* MHLOnFoundDeviceModel.m in Sources */,
				18EBD13321E353A900EDB3FC /* MHLKeyModel.m in Sources */,
				188B930921E47F4B0004DA93 /* UIImage+HTRoundImage.m in Sources */,
				1839B73121DF4C7C0089BBA9 /* AppDelegate.m in Sources */,
			);
			runOnlyForDeploymentPostprocessing = 0;
		};
/* End PBXSourcesBuildPhase section */

/* Begin PBXVariantGroup section */
		1839B73521DF4C7C0089BBA9 /* Main.storyboard */ = {
			isa = PBXVariantGroup;
			children = (
				1839B73621DF4C7C0089BBA9 /* Base */,
			);
			name = Main.storyboard;
			sourceTree = "<group>";
		};
		1839B73A21DF4C7D0089BBA9 /* LaunchScreen.storyboard */ = {
			isa = PBXVariantGroup;
			children = (
				1839B73B21DF4C7D0089BBA9 /* Base */,
			);
			name = LaunchScreen.storyboard;
			sourceTree = "<group>";
		};
/* End PBXVariantGroup section */

/* Begin XCBuildConfiguration section */
		1839B74021DF4C7D0089BBA9 /* Debug */ = {
			isa = XCBuildConfiguration;
			buildSettings = {
				ALWAYS_SEARCH_USER_PATHS = NO;
				CLANG_ANALYZER_NONNULL = YES;
				CLANG_ANALYZER_NUMBER_OBJECT_CONVERSION = YES_AGGRESSIVE;
				CLANG_CXX_LANGUAGE_STANDARD = "gnu++14";
				CLANG_CXX_LIBRARY = "libc++";
				CLANG_ENABLE_MODULES = YES;
				CLANG_ENABLE_OBJC_ARC = YES;
				CLANG_ENABLE_OBJC_WEAK = YES;
				CLANG_WARN_BLOCK_CAPTURE_AUTORELEASING = YES;
				CLANG_WARN_BOOL_CONVERSION = YES;
				CLANG_WARN_COMMA = YES;
				CLANG_WARN_CONSTANT_CONVERSION = YES;
				CLANG_WARN_DEPRECATED_OBJC_IMPLEMENTATIONS = YES;
				CLANG_WARN_DIRECT_OBJC_ISA_USAGE = YES_ERROR;
				CLANG_WARN_DOCUMENTATION_COMMENTS = YES;
				CLANG_WARN_EMPTY_BODY = YES;
				CLANG_WARN_ENUM_CONVERSION = YES;
				CLANG_WARN_INFINITE_RECURSION = YES;
				CLANG_WARN_INT_CONVERSION = YES;
				CLANG_WARN_NON_LITERAL_NULL_CONVERSION = YES;
				CLANG_WARN_OBJC_IMPLICIT_RETAIN_SELF = YES;
				CLANG_WARN_OBJC_LITERAL_CONVERSION = YES;
				CLANG_WARN_OBJC_ROOT_CLASS = YES_ERROR;
				CLANG_WARN_RANGE_LOOP_ANALYSIS = YES;
				CLANG_WARN_STRICT_PROTOTYPES = YES;
				CLANG_WARN_SUSPICIOUS_MOVE = YES;
				CLANG_WARN_UNGUARDED_AVAILABILITY = YES_AGGRESSIVE;
				CLANG_WARN_UNREACHABLE_CODE = YES;
				CLANG_WARN__DUPLICATE_METHOD_MATCH = YES;
				CODE_SIGN_IDENTITY = "iPhone Developer";
				COPY_PHASE_STRIP = NO;
				DEBUG_INFORMATION_FORMAT = dwarf;
				ENABLE_STRICT_OBJC_MSGSEND = YES;
				ENABLE_TESTABILITY = YES;
				GCC_C_LANGUAGE_STANDARD = gnu11;
				GCC_DYNAMIC_NO_PIC = NO;
				GCC_NO_COMMON_BLOCKS = YES;
				GCC_OPTIMIZATION_LEVEL = 0;
				GCC_PREPROCESSOR_DEFINITIONS = (
					"DEBUG=1",
					"$(inherited)",
				);
				GCC_WARN_64_TO_32_BIT_CONVERSION = YES;
				GCC_WARN_ABOUT_RETURN_TYPE = YES_ERROR;
				GCC_WARN_UNDECLARED_SELECTOR = YES;
				GCC_WARN_UNINITIALIZED_AUTOS = YES_AGGRESSIVE;
				GCC_WARN_UNUSED_FUNCTION = YES;
				GCC_WARN_UNUSED_VARIABLE = YES;
				IPHONEOS_DEPLOYMENT_TARGET = 12.1;
				MTL_ENABLE_DEBUG_INFO = INCLUDE_SOURCE;
				MTL_FAST_MATH = YES;
				ONLY_ACTIVE_ARCH = YES;
				SDKROOT = iphoneos;
			};
			name = Debug;
		};
		1839B74121DF4C7D0089BBA9 /* Release */ = {
			isa = XCBuildConfiguration;
			buildSettings = {
				ALWAYS_SEARCH_USER_PATHS = NO;
				CLANG_ANALYZER_NONNULL = YES;
				CLANG_ANALYZER_NUMBER_OBJECT_CONVERSION = YES_AGGRESSIVE;
				CLANG_CXX_LANGUAGE_STANDARD = "gnu++14";
				CLANG_CXX_LIBRARY = "libc++";
				CLANG_ENABLE_MODULES = YES;
				CLANG_ENABLE_OBJC_ARC = YES;
				CLANG_ENABLE_OBJC_WEAK = YES;
				CLANG_WARN_BLOCK_CAPTURE_AUTORELEASING = YES;
				CLANG_WARN_BOOL_CONVERSION = YES;
				CLANG_WARN_COMMA = YES;
				CLANG_WARN_CONSTANT_CONVERSION = YES;
				CLANG_WARN_DEPRECATED_OBJC_IMPLEMENTATIONS = YES;
				CLANG_WARN_DIRECT_OBJC_ISA_USAGE = YES_ERROR;
				CLANG_WARN_DOCUMENTATION_COMMENTS = YES;
				CLANG_WARN_EMPTY_BODY = YES;
				CLANG_WARN_ENUM_CONVERSION = YES;
				CLANG_WARN_INFINITE_RECURSION = YES;
				CLANG_WARN_INT_CONVERSION = YES;
				CLANG_WARN_NON_LITERAL_NULL_CONVERSION = YES;
				CLANG_WARN_OBJC_IMPLICIT_RETAIN_SELF = YES;
				CLANG_WARN_OBJC_LITERAL_CONVERSION = YES;
				CLANG_WARN_OBJC_ROOT_CLASS = YES_ERROR;
				CLANG_WARN_RANGE_LOOP_ANALYSIS = YES;
				CLANG_WARN_STRICT_PROTOTYPES = YES;
				CLANG_WARN_SUSPICIOUS_MOVE = YES;
				CLANG_WARN_UNGUARDED_AVAILABILITY = YES_AGGRESSIVE;
				CLANG_WARN_UNREACHABLE_CODE = YES;
				CLANG_WARN__DUPLICATE_METHOD_MATCH = YES;
				CODE_SIGN_IDENTITY = "iPhone Developer";
				COPY_PHASE_STRIP = NO;
				DEBUG_INFORMATION_FORMAT = "dwarf-with-dsym";
				ENABLE_NS_ASSERTIONS = NO;
				ENABLE_STRICT_OBJC_MSGSEND = YES;
				GCC_C_LANGUAGE_STANDARD = gnu11;
				GCC_NO_COMMON_BLOCKS = YES;
				GCC_WARN_64_TO_32_BIT_CONVERSION = YES;
				GCC_WARN_ABOUT_RETURN_TYPE = YES_ERROR;
				GCC_WARN_UNDECLARED_SELECTOR = YES;
				GCC_WARN_UNINITIALIZED_AUTOS = YES_AGGRESSIVE;
				GCC_WARN_UNUSED_FUNCTION = YES;
				GCC_WARN_UNUSED_VARIABLE = YES;
				IPHONEOS_DEPLOYMENT_TARGET = 12.1;
				MTL_ENABLE_DEBUG_INFO = NO;
				MTL_FAST_MATH = YES;
				SDKROOT = iphoneos;
				VALIDATE_PRODUCT = YES;
			};
			name = Release;
		};
		1839B74321DF4C7D0089BBA9 /* Debug */ = {
			isa = XCBuildConfiguration;
			baseConfigurationReference = 552F10EF4DC6078C8900DDE0 /* Pods-ManhattanLockDemo.debug.xcconfig */;
			buildSettings = {
				ASSETCATALOG_COMPILER_APPICON_NAME = AppIcon;
				CLANG_WARN_STRICT_PROTOTYPES = NO;
				CODE_SIGN_STYLE = Automatic;
				DEVELOPMENT_TEAM = Z3W9WRD8FK;
				GCC_PRECOMPILE_PREFIX_HEADER = YES;
				GCC_PREFIX_HEADER = "$(SRCROOT)/ManhattanLockDemo/Utils/MHLLock.pch";
				INFOPLIST_FILE = ManhattanLockDemo/Info.plist;
				IPHONEOS_DEPLOYMENT_TARGET = 9.0;
				LD_RUNPATH_SEARCH_PATHS = (
					"$(inherited)",
					"@executable_path/Frameworks",
				);
				LIBRARY_SEARCH_PATHS = (
					"$(inherited)",
					"$(PROJECT_DIR)/ManhattanLockDemo/Lib",
				);
				OTHER_LDFLAGS = "$(inherited)";
				PRODUCT_BUNDLE_IDENTIFIER = com.populstay.ManhattanLockDemo;
				PRODUCT_NAME = "$(TARGET_NAME)";
				TARGETED_DEVICE_FAMILY = 1;
			};
			name = Debug;
		};
		1839B74421DF4C7D0089BBA9 /* Release */ = {
			isa = XCBuildConfiguration;
			baseConfigurationReference = 8BCD67729D6151BF93BFF984 /* Pods-ManhattanLockDemo.release.xcconfig */;
			buildSettings = {
				ASSETCATALOG_COMPILER_APPICON_NAME = AppIcon;
				CLANG_WARN_STRICT_PROTOTYPES = NO;
				CODE_SIGN_STYLE = Automatic;
				DEVELOPMENT_TEAM = Z3W9WRD8FK;
				GCC_PRECOMPILE_PREFIX_HEADER = YES;
				GCC_PREFIX_HEADER = "$(SRCROOT)/ManhattanLockDemo/Utils/MHLLock.pch";
				INFOPLIST_FILE = ManhattanLockDemo/Info.plist;
				IPHONEOS_DEPLOYMENT_TARGET = 9.0;
				LD_RUNPATH_SEARCH_PATHS = (
					"$(inherited)",
					"@executable_path/Frameworks",
				);
				LIBRARY_SEARCH_PATHS = (
					"$(inherited)",
					"$(PROJECT_DIR)/ManhattanLockDemo/Lib",
				);
				OTHER_LDFLAGS = "$(inherited)";
				PRODUCT_BUNDLE_IDENTIFIER = com.populstay.ManhattanLockDemo;
				PRODUCT_NAME = "$(TARGET_NAME)";
				TARGETED_DEVICE_FAMILY = 1;
			};
			name = Release;
		};
/* End XCBuildConfiguration section */

/* Begin XCConfigurationList section */
		1839B72721DF4C7C0089BBA9 /* Build configuration list for PBXProject "ManhattanLockDemo" */ = {
			isa = XCConfigurationList;
			buildConfigurations = (
				1839B74021DF4C7D0089BBA9 /* Debug */,
				1839B74121DF4C7D0089BBA9 /* Release */,
			);
			defaultConfigurationIsVisible = 0;
			defaultConfigurationName = Release;
		};
		1839B74221DF4C7D0089BBA9 /* Build configuration list for PBXNativeTarget "ManhattanLockDemo" */ = {
			isa = XCConfigurationList;
			buildConfigurations = (
				1839B74321DF4C7D0089BBA9 /* Debug */,
				1839B74421DF4C7D0089BBA9 /* Release */,
			);
			defaultConfigurationIsVisible = 0;
			defaultConfigurationName = Release;
		};
/* End XCConfigurationList section */
	};
	rootObject = 1839B72421DF4C7C0089BBA9 /* Project object */;
}
